{
  "name": "test-app",
  "version": "1.0.0",
  "lockfileVersion": 2,
  "requires": true,
  "packages": {
    "": {
      "name": "test-app",
      "version": "1.0.0",
      "license": "ISC",
      "dependencies": {
        "playwright-core": "^1.25.1"
      }
    },
    "node_modules/playwright-core": {
      "version": "1.25.1",
      "resolved": "https://registry.npmjs.org/playwright-core/-/playwright-core-1.25.1.tgz",
      "integrity": "sha512-lSvPCmA2n7LawD2Hw7gSCLScZ+vYRkhU8xH0AapMyzwN+ojoDqhkH/KIEUxwNu2PjPoE/fcE0wLAksdOhJ2O5g==",
      "bin": {
        "playwright": "cli.js"
      },
      "engines": {
        "node": ">=14"
      }
    }
  },
  "dependencies": {
    "playwright-core": {
      "version": "1.25.1",
      "resolved": "https://registry.npmjs.org/playwright-core/-/playwright-core-1.25.1.tgz",
      "integrity": "sha512-lSvPCmA2n7LawD2Hw7gSCLScZ+vYRkhU8xH0AapMyzwN+ojoDqhkH/KIEUxwNu2PjPoE/fcE0wLAksdOhJ2O5g=="
    }
  }
}
